// !$*UTF8*$!
{
	archiveVersion = 1;
	classes = {
	};
	objectVersion = 50;
	objects = {

/* Begin PBXBuildFile section */
		E6BCFB5E24B2FE1F00AF8982 /* AppDelegate.m in Sources */ = {isa = PBXBuildFile; fileRef = E6BCFB5D24B2FE1F00AF8982 /* AppDelegate.m */; };
		E6BCFB6124B2FE1F00AF8982 /* ViewController.m in Sources */ = {isa = PBXBuildFile; fileRef = E6BCFB6024B2FE1F00AF8982 /* ViewController.m */; };
		E6BCFB6324B2FE2000AF8982 /* Assets.xcassets in Resources */ = {isa = PBXBuildFile; fileRef = E6BCFB6224B2FE2000AF8982 /* Assets.xcassets */; };
		E6BCFB6624B2FE2000AF8982 /* Main.storyboard in Resources */ = {isa = PBXBuildFile; fileRef = E6BCFB6424B2FE2000AF8982 /* Main.storyboard */; };
		E6BCFB6924B2FE2000AF8982 /* main.m in Sources */ = {isa = PBXBuildFile; fileRef = E6BCFB6824B2FE2000AF8982 /* main.m */; };
		E6BCFB7224B2FE9B00AF8982 /* libavformat.a in Frameworks */ = {isa = PBXBuildFile; fileRef = E6BCFB7124B2FE9B00AF8982 /* libavformat.a */; };
		E6BCFB7424B2FE9F00AF8982 /* libavcodec.a in Frameworks */ = {isa = PBXBuildFile; fileRef = E6BCFB7324B2FE9F00AF8982 /* libavcodec.a */; };
		E6BCFB7624B2FEA400AF8982 /* libavutil.a in Frameworks */ = {isa = PBXBuildFile; fileRef = E6BCFB7524B2FEA400AF8982 /* libavutil.a */; };
		E6BCFB7824B2FEB600AF8982 /* libswresample.a in Frameworks */ = {isa = PBXBuildFile; fileRef = E6BCFB7724B2FEB600AF8982 /* libswresample.a */; };
		E6BCFB7A24B2FEBC00AF8982 /* libswscale.a in Frameworks */ = {isa = PBXBuildFile; fileRef = E6BCFB7924B2FEBC00AF8982 /* libswscale.a */; };
		E6BCFB9524B2FFA100AF8982 /* KSAudioPlay.cpp in Sources */ = {isa = PBXBuildFile; fileRef = E6BCFB7E24B2FFA100AF8982 /* KSAudioPlay.cpp */; };
		E6BCFB9624B2FFA100AF8982 /* KSAudioThread.cpp in Sources */ = {isa = PBXBuildFile; fileRef = E6BCFB8024B2FFA100AF8982 /* KSAudioThread.cpp */; };
		E6BCFB9724B2FFA100AF8982 /* KSDecode.cpp in Sources */ = {isa = PBXBuildFile; fileRef = E6BCFB8224B2FFA100AF8982 /* KSDecode.cpp */; };
		E6BCFB9824B2FFA100AF8982 /* XDecodeThread.cpp in Sources */ = {isa = PBXBuildFile; fileRef = E6BCFB8424B2FFA100AF8982 /* XDecodeThread.cpp */; };
		E6BCFB9924B2FFA100AF8982 /* KSDemux.cpp in Sources */ = {isa = PBXBuildFile; fileRef = E6BCFB8624B2FFA100AF8982 /* KSDemux.cpp */; };
		E6BCFB9A24B2FFA100AF8982 /* KSDemuxThread.cpp in Sources */ = {isa = PBXBuildFile; fileRef = E6BCFB8824B2FFA100AF8982 /* KSDemuxThread.cpp */; };
		E6BCFB9C24B2FFA100AF8982 /* KSResample.cpp in Sources */ = {isa = PBXBuildFile; fileRef = E6BCFB8C24B2FFA100AF8982 /* KSResample.cpp */; };
		E6BCFB9E24B2FFA100AF8982 /* KSVideoThread.cpp in Sources */ = {isa = PBXBuildFile; fileRef = E6BCFB9024B2FFA100AF8982 /* KSVideoThread.cpp */; };
		E6BCFBA224B3006C00AF8982 /* KSThread.cpp in Sources */ = {isa = PBXBuildFile; fileRef = E6BCFBA024B3006C00AF8982 /* KSThread.cpp */; };
/* End PBXBuildFile section */

/* Begin PBXFileReference section */
		E6BCFB5924B2FE1F00AF8982 /* KSPlayer.app */ = {isa = PBXFileReference; explicitFileType = wrapper.application; includeInIndex = 0; path = KSPlayer.app; sourceTree = BUILT_PRODUCTS_DIR; };
		E6BCFB5C24B2FE1F00AF8982 /* AppDelegate.h */ = {isa = PBXFileReference; lastKnownFileType = sourcecode.c.h; path = AppDelegate.h; sourceTree = "<group>"; };
		E6BCFB5D24B2FE1F00AF8982 /* AppDelegate.m */ = {isa = PBXFileReference; lastKnownFileType = sourcecode.c.objc; path = AppDelegate.m; sourceTree = "<group>"; };
		E6BCFB5F24B2FE1F00AF8982 /* ViewController.h */ = {isa = PBXFileReference; lastKnownFileType = sourcecode.c.h; path = ViewController.h; sourceTree = "<group>"; };
		E6BCFB6024B2FE1F00AF8982 /* ViewController.m */ = {isa = PBXFileReference; lastKnownFileType = sourcecode.c.objc; path = ViewController.m; sourceTree = "<group>"; };
		E6BCFB6224B2FE2000AF8982 /* Assets.xcassets */ = {isa = PBXFileReference; lastKnownFileType = folder.assetcatalog; path = Assets.xcassets; sourceTree = "<group>"; };
		E6BCFB6524B2FE2000AF8982 /* Base */ = {isa = PBXFileReference; lastKnownFileType = file.storyboard; name = Base; path = Base.lproj/Main.storyboard; sourceTree = "<group>"; };
		E6BCFB6724B2FE2000AF8982 /* Info.plist */ = {isa = PBXFileReference; lastKnownFileType = text.plist.xml; path = Info.plist; sourceTree = "<group>"; };
		E6BCFB6824B2FE2000AF8982 /* main.m */ = {isa = PBXFileReference; lastKnownFileType = sourcecode.c.objc; path = main.m; sourceTree = "<group>"; };
		E6BCFB6A24B2FE2000AF8982 /* KSPlayer.entitlements */ = {isa = PBXFileReference; lastKnownFileType = text.plist.entitlements; path = KSPlayer.entitlements; sourceTree = "<group>"; };
		E6BCFB7124B2FE9B00AF8982 /* libavformat.a */ = {isa = PBXFileReference; lastKnownFileType = archive.ar; name = libavformat.a; path = ../../../../../../Users/saeipi/Documents/Library/FFmpeg/lib/libavformat.a; sourceTree = "<group>"; };
		E6BCFB7324B2FE9F00AF8982 /* libavcodec.a */ = {isa = PBXFileReference; lastKnownFileType = archive.ar; name = libavcodec.a; path = ../../../../../../Users/saeipi/Documents/Library/FFmpeg/lib/libavcodec.a; sourceTree = "<group>"; };
		E6BCFB7524B2FEA400AF8982 /* libavutil.a */ = {isa = PBXFileReference; lastKnownFileType = archive.ar; name = libavutil.a; path = ../../../../../../Users/saeipi/Documents/Library/FFmpeg/lib/libavutil.a; sourceTree = "<group>"; };
		E6BCFB7724B2FEB600AF8982 /* libswresample.a */ = {isa = PBXFileReference; lastKnownFileType = archive.ar; name = libswresample.a; path = ../../../../../../Users/saeipi/Documents/Library/FFmpeg/lib/libswresample.a; sourceTree = "<group>"; };
		E6BCFB7924B2FEBC00AF8982 /* libswscale.a */ = {isa = PBXFileReference; lastKnownFileType = archive.ar; name = libswscale.a; path = ../../../../../../Users/saeipi/Documents/Library/FFmpeg/lib/libswscale.a; sourceTree = "<group>"; };
		E6BCFB7D24B2FFA100AF8982 /* KSProtocol.h */ = {isa = PBXFileReference; fileEncoding = 4; lastKnownFileType = sourcecode.c.h; path = KSProtocol.h; sourceTree = "<group>"; };
		E6BCFB7E24B2FFA100AF8982 /* KSAudioPlay.cpp */ = {isa = PBXFileReference; fileEncoding = 4; lastKnownFileType = sourcecode.cpp.cpp; path = KSAudioPlay.cpp; sourceTree = "<group>"; };
		E6BCFB7F24B2FFA100AF8982 /* KSAudioPlay.h */ = {isa = PBXFileReference; fileEncoding = 4; lastKnownFileType = sourcecode.c.h; path = KSAudioPlay.h; sourceTree = "<group>"; };
		E6BCFB8024B2FFA100AF8982 /* KSAudioThread.cpp */ = {isa = PBXFileReference; fileEncoding = 4; lastKnownFileType = sourcecode.cpp.cpp; path = KSAudioThread.cpp; sourceTree = "<group>"; };
		E6BCFB8124B2FFA100AF8982 /* KSAudioThread.h */ = {isa = PBXFileReference; fileEncoding = 4; lastKnownFileType = sourcecode.c.h; path = KSAudioThread.h; sourceTree = "<group>"; };
		E6BCFB8224B2FFA100AF8982 /* KSDecode.cpp */ = {isa = PBXFileReference; fileEncoding = 4; lastKnownFileType = sourcecode.cpp.cpp; path = KSDecode.cpp; sourceTree = "<group>"; };
		E6BCFB8324B2FFA100AF8982 /* KSDecode.h */ = {isa = PBXFileReference; fileEncoding = 4; lastKnownFileType = sourcecode.c.h; path = KSDecode.h; sourceTree = "<group>"; };
		E6BCFB8424B2FFA100AF8982 /* XDecodeThread.cpp */ = {isa = PBXFileReference; fileEncoding = 4; lastKnownFileType = sourcecode.cpp.cpp; path = XDecodeThread.cpp; sourceTree = "<group>"; };
		E6BCFB8524B2FFA100AF8982 /* XDecodeThread.h */ = {isa = PBXFileReference; fileEncoding = 4; lastKnownFileType = sourcecode.c.h; path = XDecodeThread.h; sourceTree = "<group>"; };
		E6BCFB8624B2FFA100AF8982 /* KSDemux.cpp */ = {isa = PBXFileReference; fileEncoding = 4; lastKnownFileType = sourcecode.cpp.cpp; path = KSDemux.cpp; sourceTree = "<group>"; };
		E6BCFB8724B2FFA100AF8982 /* KSDemux.h */ = {isa = PBXFileReference; fileEncoding = 4; lastKnownFileType = sourcecode.c.h; path = KSDemux.h; sourceTree = "<group>"; };
		E6BCFB8824B2FFA100AF8982 /* KSDemuxThread.cpp */ = {isa = PBXFileReference; fileEncoding = 4; lastKnownFileType = sourcecode.cpp.cpp; path = KSDemuxThread.cpp; sourceTree = "<group>"; };
		E6BCFB8924B2FFA100AF8982 /* KSDemuxThread.h */ = {isa = PBXFileReference; fileEncoding = 4; lastKnownFileType = sourcecode.c.h; path = KSDemuxThread.h; sourceTree = "<group>"; };
		E6BCFB8C24B2FFA100AF8982 /* KSResample.cpp */ = {isa = PBXFileReference; fileEncoding = 4; lastKnownFileType = sourcecode.cpp.cpp; path = KSResample.cpp; sourceTree = "<group>"; };
		E6BCFB8D24B2FFA100AF8982 /* KSResample.h */ = {isa = PBXFileReference; fileEncoding = 4; lastKnownFileType = sourcecode.c.h; path = KSResample.h; sourceTree = "<group>"; };
		E6BCFB9024B2FFA100AF8982 /* KSVideoThread.cpp */ = {isa = PBXFileReference; fileEncoding = 4; lastKnownFileType = sourcecode.cpp.cpp; path = KSVideoThread.cpp; sourceTree = "<group>"; };
		E6BCFB9124B2FFA100AF8982 /* KSVideoThread.h */ = {isa = PBXFileReference; fileEncoding = 4; lastKnownFileType = sourcecode.c.h; path = KSVideoThread.h; sourceTree = "<group>"; };
		E6BCFBA024B3006C00AF8982 /* KSThread.cpp */ = {isa = PBXFileReference; lastKnownFileType = sourcecode.cpp.cpp; path = KSThread.cpp; sourceTree = "<group>"; };
		E6BCFBA124B3006C00AF8982 /* KSThread.h */ = {isa = PBXFileReference; lastKnownFileType = sourcecode.c.h; path = KSThread.h; sourceTree = "<group>"; };
/* End PBXFileReference section */

/* Begin PBXFrameworksBuildPhase section */
		E6BCFB5624B2FE1F00AF8982 /* Frameworks */ = {
			isa = PBXFrameworksBuildPhase;
			buildActionMask = 2147483647;
			files = (
				E6BCFB7224B2FE9B00AF8982 /* libavformat.a in Frameworks */,
				E6BCFB7424B2FE9F00AF8982 /* libavcodec.a in Frameworks */,
				E6BCFB7624B2FEA400AF8982 /* libavutil.a in Frameworks */,
				E6BCFB7824B2FEB600AF8982 /* libswresample.a in Frameworks */,
				E6BCFB7A24B2FEBC00AF8982 /* libswscale.a in Frameworks */,
			);
			runOnlyForDeploymentPostprocessing = 0;
		};
/* End PBXFrameworksBuildPhase section */

/* Begin PBXGroup section */
		E6BCFB5024B2FE1F00AF8982 = {
			isa = PBXGroup;
			children = (
				E6BCFB5B24B2FE1F00AF8982 /* KSPlayer */,
				E6BCFB5A24B2FE1F00AF8982 /* Products */,
				E6BCFB7024B2FE9B00AF8982 /* Frameworks */,
			);
			sourceTree = "<group>";
		};
		E6BCFB5A24B2FE1F00AF8982 /* Products */ = {
			isa = PBXGroup;
			children = (
				E6BCFB5924B2FE1F00AF8982 /* KSPlayer.app */,
			);
			name = Products;
			sourceTree = "<group>";
		};
		E6BCFB5B24B2FE1F00AF8982 /* KSPlayer */ = {
			isa = PBXGroup;
			children = (
				E6BCFB7B24B2FFA100AF8982 /* KSPlayer */,
				E6BCFB5C24B2FE1F00AF8982 /* AppDelegate.h */,
				E6BCFB5D24B2FE1F00AF8982 /* AppDelegate.m */,
				E6BCFB5F24B2FE1F00AF8982 /* ViewController.h */,
				E6BCFB6024B2FE1F00AF8982 /* ViewController.m */,
				E6BCFB6224B2FE2000AF8982 /* Assets.xcassets */,
				E6BCFB6424B2FE2000AF8982 /* Main.storyboard */,
				E6BCFB6724B2FE2000AF8982 /* Info.plist */,
				E6BCFB6824B2FE2000AF8982 /* main.m */,
				E6BCFB6A24B2FE2000AF8982 /* KSPlayer.entitlements */,
			);
			path = KSPlayer;
			sourceTree = "<group>";
		};
		E6BCFB7024B2FE9B00AF8982 /* Frameworks */ = {
			isa = PBXGroup;
			children = (
				E6BCFB7924B2FEBC00AF8982 /* libswscale.a */,
				E6BCFB7724B2FEB600AF8982 /* libswresample.a */,
				E6BCFB7524B2FEA400AF8982 /* libavutil.a */,
				E6BCFB7324B2FE9F00AF8982 /* libavcodec.a */,
				E6BCFB7124B2FE9B00AF8982 /* libavformat.a */,
			);
			name = Frameworks;
			sourceTree = "<group>";
		};
		E6BCFB7B24B2FFA100AF8982 /* KSPlayer */ = {
			isa = PBXGroup;
			children = (
				E6BCFBA424B306E100AF8982 /* Decode */,
				E6BCFBA324B306C300AF8982 /* Thread */,
				E6BCFB7D24B2FFA100AF8982 /* KSProtocol.h */,
				E6BCFB7E24B2FFA100AF8982 /* KSAudioPlay.cpp */,
				E6BCFB7F24B2FFA100AF8982 /* KSAudioPlay.h */,
			);
			path = KSPlayer;
			sourceTree = "<group>";
		};
		E6BCFBA324B306C300AF8982 /* Thread */ = {
			isa = PBXGroup;
			children = (
				E6BCFB8824B2FFA100AF8982 /* KSDemuxThread.cpp */,
				E6BCFB8924B2FFA100AF8982 /* KSDemuxThread.h */,
				E6BCFB9024B2FFA100AF8982 /* KSVideoThread.cpp */,
				E6BCFB9124B2FFA100AF8982 /* KSVideoThread.h */,
				E6BCFBA024B3006C00AF8982 /* KSThread.cpp */,
				E6BCFBA124B3006C00AF8982 /* KSThread.h */,
				E6BCFB8424B2FFA100AF8982 /* XDecodeThread.cpp */,
				E6BCFB8524B2FFA100AF8982 /* XDecodeThread.h */,
				E6BCFB8024B2FFA100AF8982 /* KSAudioThread.cpp */,
				E6BCFB8124B2FFA100AF8982 /* KSAudioThread.h */,
			);
			path = Thread;
			sourceTree = "<group>";
		};
		E6BCFBA424B306E100AF8982 /* Decode */ = {
			isa = PBXGroup;
			children = (
				E6BCFB8324B2FFA100AF8982 /* KSDecode.h */,
				E6BCFB8224B2FFA100AF8982 /* KSDecode.cpp */,
				E6BCFB8624B2FFA100AF8982 /* KSDemux.cpp */,
				E6BCFB8724B2FFA100AF8982 /* KSDemux.h */,
				E6BCFB8C24B2FFA100AF8982 /* KSResample.cpp */,
				E6BCFB8D24B2FFA100AF8982 /* KSResample.h */,
			);
			path = Decode;
			sourceTree = "<group>";
		};
/* End PBXGroup section */

/* Begin PBXNativeTarget section */
		E6BCFB5824B2FE1F00AF8982 /* KSPlayer */ = {
			isa = PBXNativeTarget;
			buildConfigurationList = E6BCFB6D24B2FE2000AF8982 /* Build configuration list for PBXNativeTarget "KSPlayer" */;
			buildPhases = (
				E6BCFB5524B2FE1F00AF8982 /* Sources */,
				E6BCFB5624B2FE1F00AF8982 /* Frameworks */,
				E6BCFB5724B2FE1F00AF8982 /* Resources */,
			);
			buildRules = (
			);
			dependencies = (
			);
			name = KSPlayer;
			productName = KSPlayer;
			productReference = E6BCFB5924B2FE1F00AF8982 /* KSPlayer.app */;
			productType = "com.apple.product-type.application";
		};
/* End PBXNativeTarget section */

/* Begin PBXProject section */
		E6BCFB5124B2FE1F00AF8982 /* Project object */ = {
			isa = PBXProject;
			attributes = {
				LastUpgradeCheck = 1100;
				ORGANIZATIONNAME = saeipi;
				TargetAttributes = {
					E6BCFB5824B2FE1F00AF8982 = {
						CreatedOnToolsVersion = 11.0;
					};
				};
			};
			buildConfigurationList = E6BCFB5424B2FE1F00AF8982 /* Build configuration list for PBXProject "KSPlayer" */;
			compatibilityVersion = "Xcode 9.3";
			developmentRegion = en;
			hasScannedForEncodings = 0;
			knownRegions = (
				en,
				Base,
			);
			mainGroup = E6BCFB5024B2FE1F00AF8982;
			productRefGroup = E6BCFB5A24B2FE1F00AF8982 /* Products */;
			projectDirPath = "";
			projectRoot = "";
			targets = (
				E6BCFB5824B2FE1F00AF8982 /* KSPlayer */,
			);
		};
/* End PBXProject section */

/* Begin PBXResourcesBuildPhase section */
		E6BCFB5724B2FE1F00AF8982 /* Resources */ = {
			isa = PBXResourcesBuildPhase;
			buildActionMask = 2147483647;
			files = (
				E6BCFB6324B2FE2000AF8982 /* Assets.xcassets in Resources */,
				E6BCFB6624B2FE2000AF8982 /* Main.storyboard in Resources */,
			);
			runOnlyForDeploymentPostprocessing = 0;
		};
/* End PBXResourcesBuildPhase section */

/* Begin PBXSourcesBuildPhase section */
		E6BCFB5524B2FE1F00AF8982 /* Sources */ = {
			isa = PBXSourcesBuildPhase;
			buildActionMask = 2147483647;
			files = (
				E6BCFB9E24B2FFA100AF8982 /* KSVideoThread.cpp in Sources */,
				E6BCFB6124B2FE1F00AF8982 /* ViewController.m in Sources */,
				E6BCFB6924B2FE2000AF8982 /* main.m in Sources */,
				E6BCFB9524B2FFA100AF8982 /* KSAudioPlay.cpp in Sources */,
				E6BCFB9624B2FFA100AF8982 /* KSAudioThread.cpp in Sources */,
				E6BCFB5E24B2FE1F00AF8982 /* AppDelegate.m in Sources */,
				E6BCFB9A24B2FFA100AF8982 /* KSDemuxThread.cpp in Sources */,
				E6BCFB9924B2FFA100AF8982 /* KSDemux.cpp in Sources */,
				E6BCFB9824B2FFA100AF8982 /* XDecodeThread.cpp in Sources */,
				E6BCFB9724B2FFA100AF8982 /* KSDecode.cpp in Sources */,
				E6BCFB9C24B2FFA100AF8982 /* KSResample.cpp in Sources */,
				E6BCFBA224B3006C00AF8982 /* KSThread.cpp in Sources */,
			);
			runOnlyForDeploymentPostprocessing = 0;
		};
/* End PBXSourcesBuildPhase section */

/* Begin PBXVariantGroup section */
		E6BCFB6424B2FE2000AF8982 /* Main.storyboard */ = {
			isa = PBXVariantGroup;
			children = (
				E6BCFB6524B2FE2000AF8982 /* Base */,
			);
			name = Main.storyboard;
			sourceTree = "<group>";
		};
/* End PBXVariantGroup section */

/* Begin XCBuildConfiguration section */
		E6BCFB6B24B2FE2000AF8982 /* Debug */ = {
			isa = XCBuildConfiguration;
			buildSettings = {
				ALWAYS_SEARCH_USER_PATHS = NO;
				CLANG_ANALYZER_NONNULL = YES;
				CLANG_ANALYZER_NUMBER_OBJECT_CONVERSION = YES_AGGRESSIVE;
				CLANG_CXX_LANGUAGE_STANDARD = "gnu++14";
				CLANG_CXX_LIBRARY = "libc++";
				CLANG_ENABLE_MODULES = YES;
				CLANG_ENABLE_OBJC_ARC = YES;
				CLANG_ENABLE_OBJC_WEAK = YES;
				CLANG_WARN_BLOCK_CAPTURE_AUTORELEASING = YES;
				CLANG_WARN_BOOL_CONVERSION = YES;
				CLANG_WARN_COMMA = YES;
				CLANG_WARN_CONSTANT_CONVERSION = YES;
				CLANG_WARN_DEPRECATED_OBJC_IMPLEMENTATIONS = YES;
				CLANG_WARN_DIRECT_OBJC_ISA_USAGE = YES_ERROR;
				CLANG_WARN_DOCUMENTATION_COMMENTS = YES;
				CLANG_WARN_EMPTY_BODY = YES;
				CLANG_WARN_ENUM_CONVERSION = YES;
				CLANG_WARN_INFINITE_RECURSION = YES;
				CLANG_WARN_INT_CONVERSION = YES;
				CLANG_WARN_NON_LITERAL_NULL_CONVERSION = YES;
				CLANG_WARN_OBJC_IMPLICIT_RETAIN_SELF = YES;
				CLANG_WARN_OBJC_LITERAL_CONVERSION = YES;
				CLANG_WARN_OBJC_ROOT_CLASS = YES_ERROR;
				CLANG_WARN_RANGE_LOOP_ANALYSIS = YES;
				CLANG_WARN_STRICT_PROTOTYPES = YES;
				CLANG_WARN_SUSPICIOUS_MOVE = YES;
				CLANG_WARN_UNGUARDED_AVAILABILITY = YES_AGGRESSIVE;
				CLANG_WARN_UNREACHABLE_CODE = YES;
				CLANG_WARN__DUPLICATE_METHOD_MATCH = YES;
				COPY_PHASE_STRIP = NO;
				DEBUG_INFORMATION_FORMAT = dwarf;
				ENABLE_STRICT_OBJC_MSGSEND = YES;
				ENABLE_TESTABILITY = YES;
				GCC_C_LANGUAGE_STANDARD = gnu11;
				GCC_DYNAMIC_NO_PIC = NO;
				GCC_NO_COMMON_BLOCKS = YES;
				GCC_OPTIMIZATION_LEVEL = 0;
				GCC_PREPROCESSOR_DEFINITIONS = (
					"DEBUG=1",
					"$(inherited)",
				);
				GCC_WARN_64_TO_32_BIT_CONVERSION = YES;
				GCC_WARN_ABOUT_RETURN_TYPE = YES_ERROR;
				GCC_WARN_UNDECLARED_SELECTOR = YES;
				GCC_WARN_UNINITIALIZED_AUTOS = YES_AGGRESSIVE;
				GCC_WARN_UNUSED_FUNCTION = YES;
				GCC_WARN_UNUSED_VARIABLE = YES;
				MACOSX_DEPLOYMENT_TARGET = 10.12;
				MTL_ENABLE_DEBUG_INFO = INCLUDE_SOURCE;
				MTL_FAST_MATH = YES;
				ONLY_ACTIVE_ARCH = YES;
				SDKROOT = macosx;
			};
			name = Debug;
		};
		E6BCFB6C24B2FE2000AF8982 /* Release */ = {
			isa = XCBuildConfiguration;
			buildSettings = {
				ALWAYS_SEARCH_USER_PATHS = NO;
				CLANG_ANALYZER_NONNULL = YES;
				CLANG_ANALYZER_NUMBER_OBJECT_CONVERSION = YES_AGGRESSIVE;
				CLANG_CXX_LANGUAGE_STANDARD = "gnu++14";
				CLANG_CXX_LIBRARY = "libc++";
				CLANG_ENABLE_MODULES = YES;
				CLANG_ENABLE_OBJC_ARC = YES;
				CLANG_ENABLE_OBJC_WEAK = YES;
				CLANG_WARN_BLOCK_CAPTURE_AUTORELEASING = YES;
				CLANG_WARN_BOOL_CONVERSION = YES;
				CLANG_WARN_COMMA = YES;
				CLANG_WARN_CONSTANT_CONVERSION = YES;
				CLANG_WARN_DEPRECATED_OBJC_IMPLEMENTATIONS = YES;
				CLANG_WARN_DIRECT_OBJC_ISA_USAGE = YES_ERROR;
				CLANG_WARN_DOCUMENTATION_COMMENTS = YES;
				CLANG_WARN_EMPTY_BODY = YES;
				CLANG_WARN_ENUM_CONVERSION = YES;
				CLANG_WARN_INFINITE_RECURSION = YES;
				CLANG_WARN_INT_CONVERSION = YES;
				CLANG_WARN_NON_LITERAL_NULL_CONVERSION = YES;
				CLANG_WARN_OBJC_IMPLICIT_RETAIN_SELF = YES;
				CLANG_WARN_OBJC_LITERAL_CONVERSION = YES;
				CLANG_WARN_OBJC_ROOT_CLASS = YES_ERROR;
				CLANG_WARN_RANGE_LOOP_ANALYSIS = YES;
				CLANG_WARN_STRICT_PROTOTYPES = YES;
				CLANG_WARN_SUSPICIOUS_MOVE = YES;
				CLANG_WARN_UNGUARDED_AVAILABILITY = YES_AGGRESSIVE;
				CLANG_WARN_UNREACHABLE_CODE = YES;
				CLANG_WARN__DUPLICATE_METHOD_MATCH = YES;
				COPY_PHASE_STRIP = NO;
				DEBUG_INFORMATION_FORMAT = "dwarf-with-dsym";
				ENABLE_NS_ASSERTIONS = NO;
				ENABLE_STRICT_OBJC_MSGSEND = YES;
				GCC_C_LANGUAGE_STANDARD = gnu11;
				GCC_NO_COMMON_BLOCKS = YES;
				GCC_WARN_64_TO_32_BIT_CONVERSION = YES;
				GCC_WARN_ABOUT_RETURN_TYPE = YES_ERROR;
				GCC_WARN_UNDECLARED_SELECTOR = YES;
				GCC_WARN_UNINITIALIZED_AUTOS = YES_AGGRESSIVE;
				GCC_WARN_UNUSED_FUNCTION = YES;
				GCC_WARN_UNUSED_VARIABLE = YES;
				MACOSX_DEPLOYMENT_TARGET = 10.12;
				MTL_ENABLE_DEBUG_INFO = NO;
				MTL_FAST_MATH = YES;
				SDKROOT = macosx;
			};
			name = Release;
		};
		E6BCFB6E24B2FE2000AF8982 /* Debug */ = {
			isa = XCBuildConfiguration;
			buildSettings = {
				ASSETCATALOG_COMPILER_APPICON_NAME = AppIcon;
				CODE_SIGN_ENTITLEMENTS = KSPlayer/KSPlayer.entitlements;
				CODE_SIGN_STYLE = Automatic;
				COMBINE_HIDPI_IMAGES = YES;
				INFOPLIST_FILE = KSPlayer/Info.plist;
				LD_RUNPATH_SEARCH_PATHS = (
					"$(inherited)",
					"@executable_path/../Frameworks",
				);
				LIBRARY_SEARCH_PATHS = /Users/saeipi/Documents/Library/FFmpeg/lib;
				MACOSX_DEPLOYMENT_TARGET = 10.12;
				PRODUCT_BUNDLE_IDENTIFIER = com.saeipi.KSPlayer;
				PRODUCT_NAME = "$(TARGET_NAME)";
				USER_HEADER_SEARCH_PATHS = /Users/saeipi/Documents/Library/FFmpeg/include;
			};
			name = Debug;
		};
		E6BCFB6F24B2FE2000AF8982 /* Release */ = {
			isa = XCBuildConfiguration;
			buildSettings = {
				ASSETCATALOG_COMPILER_APPICON_NAME = AppIcon;
				CODE_SIGN_ENTITLEMENTS = KSPlayer/KSPlayer.entitlements;
				CODE_SIGN_STYLE = Automatic;
				COMBINE_HIDPI_IMAGES = YES;
				INFOPLIST_FILE = KSPlayer/Info.plist;
				LD_RUNPATH_SEARCH_PATHS = (
					"$(inherited)",
					"@executable_path/../Frameworks",
				);
				LIBRARY_SEARCH_PATHS = /Users/saeipi/Documents/Library/FFmpeg/lib;
				MACOSX_DEPLOYMENT_TARGET = 10.12;
				PRODUCT_BUNDLE_IDENTIFIER = com.saeipi.KSPlayer;
				PRODUCT_NAME = "$(TARGET_NAME)";
				USER_HEADER_SEARCH_PATHS = /Users/saeipi/Documents/Library/FFmpeg/include;
			};
			name = Release;
		};
/* End XCBuildConfiguration section */

/* Begin XCConfigurationList section */
		E6BCFB5424B2FE1F00AF8982 /* Build configuration list for PBXProject "KSPlayer" */ = {
			isa = XCConfigurationList;
			buildConfigurations = (
				E6BCFB6B24B2FE2000AF8982 /* Debug */,
				E6BCFB6C24B2FE2000AF8982 /* Release */,
			);
			defaultConfigurationIsVisible = 0;
			defaultConfigurationName = Release;
		};
		E6BCFB6D24B2FE2000AF8982 /* Build configuration list for PBXNativeTarget "KSPlayer" */ = {
			isa = XCConfigurationList;
			buildConfigurations = (
				E6BCFB6E24B2FE2000AF8982 /* Debug */,
				E6BCFB6F24B2FE2000AF8982 /* Release */,
			);
			defaultConfigurationIsVisible = 0;
			defaultConfigurationName = Release;
		};
/* End XCConfigurationList section */
	};
	rootObject = E6BCFB5124B2FE1F00AF8982 /* Project object */;
}
